
Microsoft Visual Studio Solution File, Format Version 12.00
# Visual Studio Version 16
VisualStudioVersion = 16.0.30011.22
MinimumVisualStudioVersion = 10.0.40219.1
Project("{FAE04EC0-301F-11D3-BF4B-00C04F79EFBC}") = "Práctica 3", "Práctica 3\Práctica 3.csproj", "{9050C0A1-435D-432C-A08C-893AE57EFE04}"
EndProject
Project("{FAE04EC0-301F-11D3-BF4B-00C04F79EFBC}") = "Práctica 4", "Práctica 4\Práctica 4.csproj", "{C360FA5B-8C60-449A-9072-CB7E27D4B24F}"
EndProject
Project("{FAE04EC0-301F-11D3-BF4B-00C04F79EFBC}") = "Práctica1", "Práctica 1\Práctica 1\Práctica1.csproj", "{2F687792-EA85-4EC0-8338-2A7CDC38CB27}"
EndProject
Project("{FAE04EC0-301F-11D3-BF4B-00C04F79EFBC}") = "Práctica 2", "Práctica 2\Práctica 2.csproj", "{566AD969-327F-4089-A1B4-E76BA7956F29}"
EndProject
Project("{FAE04EC0-301F-11D3-BF4B-00C04F79EFBC}") = "Práctica 7", "Práctica 7\Práctica 7.csproj", "{81283751-1DF3-4E9F-8F15-B8AB6F24B700}"
EndProject
Project("{FAE04EC0-301F-11D3-BF4B-00C04F79EFBC}") = "Práctica 5", "Práctica 5\Práctica 5.csproj", "{BB556DB6-476A-4CB9-B7CB-EA065FA7026C}"
EndProject
Project("{FAE04EC0-301F-11D3-BF4B-00C04F79EFBC}") = "Práctica 6", "Práctica 6\Práctica 6.csproj", "{D0B70920-E287-4786-BCB5-CEAB6F75429C}"
EndProject
Project("{FAE04EC0-301F-11D3-BF4B-00C04F79EFBC}") = "Práctica 8", "Práctica 8\Práctica 8.csproj", "{1343DEF7-54F5-4B29-AA24-4E113CA4CB58}"
EndProject
Project("{FAE04EC0-301F-11D3-BF4B-00C04F79EFBC}") = "Práctica 9", "Práctica 9\Práctica 9.csproj", "{77088655-AA65-4683-B393-3E728DC8BABA}"
EndProject
Project("{FAE04EC0-301F-11D3-BF4B-00C04F79EFBC}") = "Práctica 10", "Práctica 10\Práctica 10.csproj", "{97F682EB-E4FC-46A9-B13F-EFDD228363E9}"
EndProject
Project("{FAE04EC0-301F-11D3-BF4B-00C04F79EFBC}") = "Práctica 11", "Práctica 11\Práctica 11.csproj", "{CA4A0F89-93E6-41C4-B9FC-0769B0CA7A58}"
EndProject
Global
	GlobalSection(SolutionConfigurationPlatforms) = preSolution
		Debug|Any CPU = Debug|Any CPU
		Release|Any CPU = Release|Any CPU
	EndGlobalSection
	GlobalSection(ProjectConfigurationPlatforms) = postSolution
		{9050C0A1-435D-432C-A08C-893AE57EFE04}.Debug|Any CPU.ActiveCfg = Debug|Any CPU
		{9050C0A1-435D-432C-A08C-893AE57EFE04}.Debug|Any CPU.Build.0 = Debug|Any CPU
		{9050C0A1-435D-432C-A08C-893AE57EFE04}.Release|Any CPU.ActiveCfg = Release|Any CPU
		{9050C0A1-435D-432C-A08C-893AE57EFE04}.Release|Any CPU.Build.0 = Release|Any CPU
		{C360FA5B-8C60-449A-9072-CB7E27D4B24F}.Debug|Any CPU.ActiveCfg = Debug|Any CPU
		{C360FA5B-8C60-449A-9072-CB7E27D4B24F}.Debug|Any CPU.Build.0 = Debug|Any CPU
		{C360FA5B-8C60-449A-9072-CB7E27D4B24F}.Release|Any CPU.ActiveCfg = Release|Any CPU
		{C360FA5B-8C60-449A-9072-CB7E27D4B24F}.Release|Any CPU.Build.0 = Release|Any CPU
		{2F687792-EA85-4EC0-8338-2A7CDC38CB27}.Debug|Any CPU.ActiveCfg = Debug|Any CPU
		{2F687792-EA85-4EC0-8338-2A7CDC38CB27}.Debug|Any CPU.Build.0 = Debug|Any CPU
		{2F687792-EA85-4EC0-8338-2A7CDC38CB27}.Release|Any CPU.ActiveCfg = Release|Any CPU
		{2F687792-EA85-4EC0-8338-2A7CDC38CB27}.Release|Any CPU.Build.0 = Release|Any CPU
		{566AD969-327F-4089-A1B4-E76BA7956F29}.Debug|Any CPU.ActiveCfg = Debug|Any CPU
		{566AD969-327F-4089-A1B4-E76BA7956F29}.Debug|Any CPU.Build.0 = Debug|Any CPU
		{566AD969-327F-4089-A1B4-E76BA7956F29}.Release|Any CPU.ActiveCfg = Release|Any CPU
		{566AD969-327F-4089-A1B4-E76BA7956F29}.Release|Any CPU.Build.0 = Release|Any CPU
		{81283751-1DF3-4E9F-8F15-B8AB6F24B700}.Debug|Any CPU.ActiveCfg = Debug|Any CPU
		{81283751-1DF3-4E9F-8F15-B8AB6F24B700}.Debug|Any CPU.Build.0 = Debug|Any CPU
		{81283751-1DF3-4E9F-8F15-B8AB6F24B700}.Release|Any CPU.ActiveCfg = Release|Any CPU
		{81283751-1DF3-4E9F-8F15-B8AB6F24B700}.Release|Any CPU.Build.0 = Release|Any CPU
		{BB556DB6-476A-4CB9-B7CB-EA065FA7026C}.Debug|Any CPU.ActiveCfg = Debug|Any CPU
		{BB556DB6-476A-4CB9-B7CB-EA065FA7026C}.Debug|Any CPU.Build.0 = Debug|Any CPU
		{BB556DB6-476A-4CB9-B7CB-EA065FA7026C}.Release|Any CPU.ActiveCfg = Release|Any CPU
		{BB556DB6-476A-4CB9-B7CB-EA065FA7026C}.Release|Any CPU.Build.0 = Release|Any CPU
		{D0B70920-E287-4786-BCB5-CEAB6F75429C}.Debug|Any CPU.ActiveCfg = Debug|Any CPU
		{D0B70920-E287-4786-BCB5-CEAB6F75429C}.Debug|Any CPU.Build.0 = Debug|Any CPU
		{D0B70920-E287-4786-BCB5-CEAB6F75429C}.Release|Any CPU.ActiveCfg = Release|Any CPU
		{D0B70920-E287-4786-BCB5-CEAB6F75429C}.Release|Any CPU.Build.0 = Release|Any CPU
		{1343DEF7-54F5-4B29-AA24-4E113CA4CB58}.Debug|Any CPU.ActiveCfg = Debug|Any CPU
		{1343DEF7-54F5-4B29-AA24-4E113CA4CB58}.Debug|Any CPU.Build.0 = Debug|Any CPU
		{1343DEF7-54F5-4B29-AA24-4E113CA4CB58}.Release|Any CPU.ActiveCfg = Release|Any CPU
		{1343DEF7-54F5-4B29-AA24-4E113CA4CB58}.Release|Any CPU.Build.0 = Release|Any CPU
		{77088655-AA65-4683-B393-3E728DC8BABA}.Debug|Any CPU.ActiveCfg = Debug|Any CPU
		{77088655-AA65-4683-B393-3E728DC8BABA}.Debug|Any CPU.Build.0 = Debug|Any CPU
		{77088655-AA65-4683-B393-3E728DC8BABA}.Release|Any CPU.ActiveCfg = Release|Any CPU
		{77088655-AA65-4683-B393-3E728DC8BABA}.Release|Any CPU.Build.0 = Release|Any CPU
		{97F682EB-E4FC-46A9-B13F-EFDD228363E9}.Debug|Any CPU.ActiveCfg = Debug|Any CPU
		{97F682EB-E4FC-46A9-B13F-EFDD228363E9}.Debug|Any CPU.Build.0 = Debug|Any CPU
		{97F682EB-E4FC-46A9-B13F-EFDD228363E9}.Release|Any CPU.ActiveCfg = Release|Any CPU
		{97F682EB-E4FC-46A9-B13F-EFDD228363E9}.Release|Any CPU.Build.0 = Release|Any CPU
		{CA4A0F89-93E6-41C4-B9FC-0769B0CA7A58}.Debug|Any CPU.ActiveCfg = Debug|Any CPU
		{CA4A0F89-93E6-41C4-B9FC-0769B0CA7A58}.Debug|Any CPU.Build.0 = Debug|Any CPU
		{CA4A0F89-93E6-41C4-B9FC-0769B0CA7A58}.Release|Any CPU.ActiveCfg = Release|Any CPU
		{CA4A0F89-93E6-41C4-B9FC-0769B0CA7A58}.Release|Any CPU.Build.0 = Release|Any CPU
	EndGlobalSection
	GlobalSection(SolutionProperties) = preSolution
		HideSolutionNode = FALSE
	EndGlobalSection
	GlobalSection(ExtensibilityGlobals) = postSolution
		SolutionGuid = {7CE4B096-7F7C-4318-A758-DE89BA5E7FA6}
	EndGlobalSection
EndGlobal
